
Microsoft Visual Studio Solution File, Format Version 12.00
# Visual Studio Version 16
VisualStudioVersion = 16.0.31205.134
MinimumVisualStudioVersion = 10.0.40219.1
Project("{888888A0-9F3D-457C-B088-3A5042F75D52}") = "Jeopardy", "Jeopardy.pyproj", "{0C06D7D3-4CDD-4D85-90F7-CC0C77B6D1C6}"
EndProject
Global
	GlobalSection(SolutionConfigurationPlatforms) = preSolution
		Debug|Any CPU = Debug|Any CPU
		Release|Any CPU = Release|Any CPU
	EndGlobalSection
	GlobalSection(ProjectConfigurationPlatforms) = postSolution
		{0C06D7D3-4CDD-4D85-90F7-CC0C77B6D1C6}.Debug|Any CPU.ActiveCfg = Debug|Any CPU
		{0C06D7D3-4CDD-4D85-90F7-CC0C77B6D1C6}.Release|Any CPU.ActiveCfg = Release|Any CPU
	EndGlobalSection
	GlobalSection(SolutionProperties) = preSolution
		HideSolutionNode = FALSE
	EndGlobalSection
	GlobalSection(ExtensibilityGlobals) = postSolution
		SolutionGuid = {70BC5099-AF91-4E14-9861-463839673ED5}
	EndGlobalSection
EndGlobal
